
Microsoft Visual Studio Solution File, Format Version 12.00
# Visual Studio Version 17
VisualStudioVersion = 17.4.33213.308
MinimumVisualStudioVersion = 10.0.40219.1
Project("{9A19103F-16F7-4668-BE54-9A1E7A4F7556}") = "Client", "Client\Client.csproj", "{CA2D8D85-86FE-4331-A8EA-3EE3A60E6F42}"
EndProject
Project("{FAE04EC0-301F-11D3-BF4B-00C04F79EFBC}") = "Client2", "Client2\Client2.csproj", "{DE49CC82-EF4E-494F-AA5C-6BDE57EB0C61}"
EndProject
Global
	GlobalSection(SolutionConfigurationPlatforms) = preSolution
		Debug|Any CPU = Debug|Any CPU
		Release|Any CPU = Release|Any CPU
	EndGlobalSection
	GlobalSection(ProjectConfigurationPlatforms) = postSolution
		{CA2D8D85-86FE-4331-A8EA-3EE3A60E6F42}.Debug|Any CPU.ActiveCfg = Debug|Any CPU
		{CA2D8D85-86FE-4331-A8EA-3EE3A60E6F42}.Debug|Any CPU.Build.0 = Debug|Any CPU
		{CA2D8D85-86FE-4331-A8EA-3EE3A60E6F42}.Release|Any CPU.ActiveCfg = Release|Any CPU
		{CA2D8D85-86FE-4331-A8EA-3EE3A60E6F42}.Release|Any CPU.Build.0 = Release|Any CPU
		{DE49CC82-EF4E-494F-AA5C-6BDE57EB0C61}.Debug|Any CPU.ActiveCfg = Debug|Any CPU
		{DE49CC82-EF4E-494F-AA5C-6BDE57EB0C61}.Debug|Any CPU.Build.0 = Debug|Any CPU
		{DE49CC82-EF4E-494F-AA5C-6BDE57EB0C61}.Release|Any CPU.ActiveCfg = Release|Any CPU
		{DE49CC82-EF4E-494F-AA5C-6BDE57EB0C61}.Release|Any CPU.Build.0 = Release|Any CPU
	EndGlobalSection
	GlobalSection(SolutionProperties) = preSolution
		HideSolutionNode = FALSE
	EndGlobalSection
	GlobalSection(ExtensibilityGlobals) = postSolution
		SolutionGuid = {1FD4A7D5-19E1-4663-ADE9-CF209B290EF4}
	EndGlobalSection
EndGlobal
